// !$*UTF8*$!
{
	archiveVersion = 1;
	classes = {
	};
	objectVersion = 46;
	objects = {

/* Begin PBXBuildFile section */
		5A0E741D1C797CAD002E291F /* menuVC.m in Sources */ = {isa = PBXBuildFile; fileRef = 5A0E741C1C797CAD002E291F /* menuVC.m */; };
		5A0E741F1C798299002E291F /* white.jpeg in Resources */ = {isa = PBXBuildFile; fileRef = 5A0E741E1C798299002E291F /* white.jpeg */; };
		5A0E74221C798D2C002E291F /* myFontsVC.m in Sources */ = {isa = PBXBuildFile; fileRef = 5A0E74211C798D2C002E291F /* myFontsVC.m */; };
		5A0E74241C79A836002E291F /* notebook.jpg in Resources */ = {isa = PBXBuildFile; fileRef = 5A0E74231C79A836002E291F /* notebook.jpg */; };
		5A4952F41C789815001456D4 /* GoldenDome.jpeg in Resources */ = {isa = PBXBuildFile; fileRef = 5A4952F31C789815001456D4 /* GoldenDome.jpeg */; };
		5A4952F51C78C219001456D4 /* GoldenDome.jpeg in Resources */ = {isa = PBXBuildFile; fileRef = 5A4952F31C789815001456D4 /* GoldenDome.jpeg */; };
		5A4952F71C78E53F001456D4 /* ScriptTemplate.png in Resources */ = {isa = PBXBuildFile; fileRef = 5A4952F61C78E53F001456D4 /* ScriptTemplate.png */; };
		5A7C8DCB1C78338E000F7276 /* main.m in Sources */ = {isa = PBXBuildFile; fileRef = 5A7C8DCA1C78338E000F7276 /* main.m */; };
		5A7C8DCE1C78338E000F7276 /* AppDelegate.m in Sources */ = {isa = PBXBuildFile; fileRef = 5A7C8DCD1C78338E000F7276 /* AppDelegate.m */; };
		5A7C8DD11C78338E000F7276 /* ViewController.m in Sources */ = {isa = PBXBuildFile; fileRef = 5A7C8DD01C78338E000F7276 /* ViewController.m */; };
		5A7C8DD41C78338E000F7276 /* Main.storyboard in Resources */ = {isa = PBXBuildFile; fileRef = 5A7C8DD21C78338E000F7276 /* Main.storyboard */; };
		5A7C8DD61C78338F000F7276 /* Images.xcassets in Resources */ = {isa = PBXBuildFile; fileRef = 5A7C8DD51C78338F000F7276 /* Images.xcassets */; };
		5A7C8DD91C78338F000F7276 /* LaunchScreen.xib in Resources */ = {isa = PBXBuildFile; fileRef = 5A7C8DD71C78338F000F7276 /* LaunchScreen.xib */; };
		5A7C8DE51C78338F000F7276 /* selfScribeTests.m in Sources */ = {isa = PBXBuildFile; fileRef = 5A7C8DE41C78338F000F7276 /* selfScribeTests.m */; };
/* End PBXBuildFile section */

/* Begin PBXContainerItemProxy section */
		5A7C8DDF1C78338F000F7276 /* PBXContainerItemProxy */ = {
			isa = PBXContainerItemProxy;
			containerPortal = 5A7C8DBD1C78338E000F7276 /* Project object */;
			proxyType = 1;
			remoteGlobalIDString = 5A7C8DC41C78338E000F7276;
			remoteInfo = selfScribe;
		};
/* End PBXContainerItemProxy section */

/* Begin PBXFileReference section */
		5A0E741B1C797CAD002E291F /* menuVC.h */ = {isa = PBXFileReference; fileEncoding = 4; lastKnownFileType = sourcecode.c.h; path = menuVC.h; sourceTree = "<group>"; };
		5A0E741C1C797CAD002E291F /* menuVC.m */ = {isa = PBXFileReference; fileEncoding = 4; lastKnownFileType = sourcecode.c.objc; path = menuVC.m; sourceTree = "<group>"; };
		5A0E741E1C798299002E291F /* white.jpeg */ = {isa = PBXFileReference; lastKnownFileType = image.jpeg; path = white.jpeg; sourceTree = "<group>"; };
		5A0E74201C798D2C002E291F /* myFontsVC.h */ = {isa = PBXFileReference; fileEncoding = 4; lastKnownFileType = sourcecode.c.h; path = myFontsVC.h; sourceTree = "<group>"; };
		5A0E74211C798D2C002E291F /* myFontsVC.m */ = {isa = PBXFileReference; fileEncoding = 4; lastKnownFileType = sourcecode.c.objc; path = myFontsVC.m; sourceTree = "<group>"; };
		5A0E74231C79A836002E291F /* notebook.jpg */ = {isa = PBXFileReference; lastKnownFileType = image.jpeg; path = notebook.jpg; sourceTree = "<group>"; };
		5A4952F31C789815001456D4 /* GoldenDome.jpeg */ = {isa = PBXFileReference; lastKnownFileType = image.jpeg; name = GoldenDome.jpeg; path = selfScribeTests/GoldenDome.jpeg; sourceTree = SOURCE_ROOT; };
		5A4952F61C78E53F001456D4 /* ScriptTemplate.png */ = {isa = PBXFileReference; lastKnownFileType = image.png; path = ScriptTemplate.png; sourceTree = "<group>"; };
		5A7C8DC51C78338E000F7276 /* selfScribe.app */ = {isa = PBXFileReference; explicitFileType = wrapper.application; includeInIndex = 0; path = selfScribe.app; sourceTree = BUILT_PRODUCTS_DIR; };
		5A7C8DC91C78338E000F7276 /* Info.plist */ = {isa = PBXFileReference; lastKnownFileType = text.plist.xml; path = Info.plist; sourceTree = "<group>"; };
		5A7C8DCA1C78338E000F7276 /* main.m */ = {isa = PBXFileReference; lastKnownFileType = sourcecode.c.objc; path = main.m; sourceTree = "<group>"; };
		5A7C8DCC1C78338E000F7276 /* AppDelegate.h */ = {isa = PBXFileReference; lastKnownFileType = sourcecode.c.h; path = AppDelegate.h; sourceTree = "<group>"; };
		5A7C8DCD1C78338E000F7276 /* AppDelegate.m */ = {isa = PBXFileReference; lastKnownFileType = sourcecode.c.objc; path = AppDelegate.m; sourceTree = "<group>"; };
		5A7C8DCF1C78338E000F7276 /* ViewController.h */ = {isa = PBXFileReference; lastKnownFileType = sourcecode.c.h; path = ViewController.h; sourceTree = "<group>"; };
		5A7C8DD01C78338E000F7276 /* ViewController.m */ = {isa = PBXFileReference; lastKnownFileType = sourcecode.c.objc; path = ViewController.m; sourceTree = "<group>"; };
		5A7C8DD31C78338E000F7276 /* Base */ = {isa = PBXFileReference; lastKnownFileType = file.storyboard; name = Base; path = Base.lproj/Main.storyboard; sourceTree = "<group>"; };
		5A7C8DD51C78338F000F7276 /* Images.xcassets */ = {isa = PBXFileReference; lastKnownFileType = folder.assetcatalog; path = Images.xcassets; sourceTree = "<group>"; };
		5A7C8DD81C78338F000F7276 /* Base */ = {isa = PBXFileReference; lastKnownFileType = file.xib; name = Base; path = Base.lproj/LaunchScreen.xib; sourceTree = "<group>"; };
		5A7C8DDE1C78338F000F7276 /* selfScribeTests.xctest */ = {isa = PBXFileReference; explicitFileType = wrapper.cfbundle; includeInIndex = 0; path = selfScribeTests.xctest; sourceTree = BUILT_PRODUCTS_DIR; };
		5A7C8DE31C78338F000F7276 /* Info.plist */ = {isa = PBXFileReference; lastKnownFileType = text.plist.xml; path = Info.plist; sourceTree = "<group>"; };
		5A7C8DE41C78338F000F7276 /* selfScribeTests.m */ = {isa = PBXFileReference; lastKnownFileType = sourcecode.c.objc; path = selfScribeTests.m; sourceTree = "<group>"; };
/* End PBXFileReference section */

/* Begin PBXFrameworksBuildPhase section */
		5A7C8DC21C78338E000F7276 /* Frameworks */ = {
			isa = PBXFrameworksBuildPhase;
			buildActionMask = 2147483647;
			files = (
			);
			runOnlyForDeploymentPostprocessing = 0;
		};
		5A7C8DDB1C78338F000F7276 /* Frameworks */ = {
			isa = PBXFrameworksBuildPhase;
			buildActionMask = 2147483647;
			files = (
			);
			runOnlyForDeploymentPostprocessing = 0;
		};
/* End PBXFrameworksBuildPhase section */

/* Begin PBXGroup section */
		5A7C8DBC1C78338E000F7276 = {
			isa = PBXGroup;
			children = (
				5A7C8DC71C78338E000F7276 /* selfScribe */,
				5A7C8DE11C78338F000F7276 /* selfScribeTests */,
				5A7C8DC61C78338E000F7276 /* Products */,
			);
			sourceTree = "<group>";
		};
		5A7C8DC61C78338E000F7276 /* Products */ = {
			isa = PBXGroup;
			children = (
				5A7C8DC51C78338E000F7276 /* selfScribe.app */,
				5A7C8DDE1C78338F000F7276 /* selfScribeTests.xctest */,
			);
			name = Products;
			sourceTree = "<group>";
		};
		5A7C8DC71C78338E000F7276 /* selfScribe */ = {
			isa = PBXGroup;
			children = (
				5A4952F31C789815001456D4 /* GoldenDome.jpeg */,
				5A7C8DCC1C78338E000F7276 /* AppDelegate.h */,
				5A0E74201C798D2C002E291F /* myFontsVC.h */,
				5A0E74211C798D2C002E291F /* myFontsVC.m */,
				5A7C8DCD1C78338E000F7276 /* AppDelegate.m */,
				5A0E741B1C797CAD002E291F /* menuVC.h */,
				5A0E741C1C797CAD002E291F /* menuVC.m */,
				5A7C8DCF1C78338E000F7276 /* ViewController.h */,
				5A7C8DD01C78338E000F7276 /* ViewController.m */,
				5A4952F61C78E53F001456D4 /* ScriptTemplate.png */,
				5A7C8DD21C78338E000F7276 /* Main.storyboard */,
				5A0E74231C79A836002E291F /* notebook.jpg */,
				5A0E741E1C798299002E291F /* white.jpeg */,
				5A7C8DD51C78338F000F7276 /* Images.xcassets */,
				5A7C8DD71C78338F000F7276 /* LaunchScreen.xib */,
				5A7C8DC81C78338E000F7276 /* Supporting Files */,
			);
			path = selfScribe;
			sourceTree = "<group>";
		};
		5A7C8DC81C78338E000F7276 /* Supporting Files */ = {
			isa = PBXGroup;
			children = (
				5A7C8DC91C78338E000F7276 /* Info.plist */,
				5A7C8DCA1C78338E000F7276 /* main.m */,
			);
			name = "Supporting Files";
			sourceTree = "<group>";
		};
		5A7C8DE11C78338F000F7276 /* selfScribeTests */ = {
			isa = PBXGroup;
			children = (
				5A7C8DE41C78338F000F7276 /* selfScribeTests.m */,
				5A7C8DE21C78338F000F7276 /* Supporting Files */,
			);
			path = selfScribeTests;
			sourceTree = "<group>";
		};
		5A7C8DE21C78338F000F7276 /* Supporting Files */ = {
			isa = PBXGroup;
			children = (
				5A7C8DE31C78338F000F7276 /* Info.plist */,
			);
			name = "Supporting Files";
			sourceTree = "<group>";
		};
/* End PBXGroup section */

/* Begin PBXNativeTarget section */
		5A7C8DC41C78338E000F7276 /* selfScribe */ = {
			isa = PBXNativeTarget;
			buildConfigurationList = 5A7C8DE81C78338F000F7276 /* Build configuration list for PBXNativeTarget "selfScribe" */;
			buildPhases = (
				5A7C8DC11C78338E000F7276 /* Sources */,
				5A7C8DC21C78338E000F7276 /* Frameworks */,
				5A7C8DC31C78338E000F7276 /* Resources */,
			);
			buildRules = (
			);
			dependencies = (
			);
			name = selfScribe;
			productName = selfScribe;
			productReference = 5A7C8DC51C78338E000F7276 /* selfScribe.app */;
			productType = "com.apple.product-type.application";
		};
		5A7C8DDD1C78338F000F7276 /* selfScribeTests */ = {
			isa = PBXNativeTarget;
			buildConfigurationList = 5A7C8DEB1C78338F000F7276 /* Build configuration list for PBXNativeTarget "selfScribeTests" */;
			buildPhases = (
				5A7C8DDA1C78338F000F7276 /* Sources */,
				5A7C8DDB1C78338F000F7276 /* Frameworks */,
				5A7C8DDC1C78338F000F7276 /* Resources */,
			);
			buildRules = (
			);
			dependencies = (
				5A7C8DE01C78338F000F7276 /* PBXTargetDependency */,
			);
			name = selfScribeTests;
			productName = selfScribeTests;
			productReference = 5A7C8DDE1C78338F000F7276 /* selfScribeTests.xctest */;
			productType = "com.apple.product-type.bundle.unit-test";
		};
/* End PBXNativeTarget section */

/* Begin PBXProject section */
		5A7C8DBD1C78338E000F7276 /* Project object */ = {
			isa = PBXProject;
			attributes = {
				LastUpgradeCheck = 0640;
				ORGANIZATIONNAME = "Madelyn Nelson";
				TargetAttributes = {
					5A7C8DC41C78338E000F7276 = {
						CreatedOnToolsVersion = 6.4;
					};
					5A7C8DDD1C78338F000F7276 = {
						CreatedOnToolsVersion = 6.4;
						TestTargetID = 5A7C8DC41C78338E000F7276;
					};
				};
			};
			buildConfigurationList = 5A7C8DC01C78338E000F7276 /* Build configuration list for PBXProject "selfScribe" */;
			compatibilityVersion = "Xcode 3.2";
			developmentRegion = English;
			hasScannedForEncodings = 0;
			knownRegions = (
				en,
				Base,
			);
			mainGroup = 5A7C8DBC1C78338E000F7276;
			productRefGroup = 5A7C8DC61C78338E000F7276 /* Products */;
			projectDirPath = "";
			projectRoot = "";
			targets = (
				5A7C8DC41C78338E000F7276 /* selfScribe */,
				5A7C8DDD1C78338F000F7276 /* selfScribeTests */,
			);
		};
/* End PBXProject section */

/* Begin PBXResourcesBuildPhase section */
		5A7C8DC31C78338E000F7276 /* Resources */ = {
			isa = PBXResourcesBuildPhase;
			buildActionMask = 2147483647;
			files = (
				5A4952F71C78E53F001456D4 /* ScriptTemplate.png in Resources */,
				5A0E74241C79A836002E291F /* notebook.jpg in Resources */,
				5A4952F51C78C219001456D4 /* GoldenDome.jpeg in Resources */,
				5A7C8DD41C78338E000F7276 /* Main.storyboard in Resources */,
				5A7C8DD91C78338F000F7276 /* LaunchScreen.xib in Resources */,
				5A7C8DD61C78338F000F7276 /* Images.xcassets in Resources */,
				5A0E741F1C798299002E291F /* white.jpeg in Resources */,
			);
			runOnlyForDeploymentPostprocessing = 0;
		};
		5A7C8DDC1C78338F000F7276 /* Resources */ = {
			isa = PBXResourcesBuildPhase;
			buildActionMask = 2147483647;
			files = (
				5A4952F41C789815001456D4 /* GoldenDome.jpeg in Resources */,
			);
			runOnlyForDeploymentPostprocessing = 0;
		};
/* End PBXResourcesBuildPhase section */

/* Begin PBXSourcesBuildPhase section */
		5A7C8DC11C78338E000F7276 /* Sources */ = {
			isa = PBXSourcesBuildPhase;
			buildActionMask = 2147483647;
			files = (
				5A7C8DD11C78338E000F7276 /* ViewController.m in Sources */,
				5A0E741D1C797CAD002E291F /* menuVC.m in Sources */,
				5A0E74221C798D2C002E291F /* myFontsVC.m in Sources */,
				5A7C8DCE1C78338E000F7276 /* AppDelegate.m in Sources */,
				5A7C8DCB1C78338E000F7276 /* main.m in Sources */,
			);
			runOnlyForDeploymentPostprocessing = 0;
		};
		5A7C8DDA1C78338F000F7276 /* Sources */ = {
			isa = PBXSourcesBuildPhase;
			buildActionMask = 2147483647;
			files = (
				5A7C8DE51C78338F000F7276 /* selfScribeTests.m in Sources */,
			);
			runOnlyForDeploymentPostprocessing = 0;
		};
/* End PBXSourcesBuildPhase section */

/* Begin PBXTargetDependency section */
		5A7C8DE01C78338F000F7276 /* PBXTargetDependency */ = {
			isa = PBXTargetDependency;
			target = 5A7C8DC41C78338E000F7276 /* selfScribe */;
			targetProxy = 5A7C8DDF1C78338F000F7276 /* PBXContainerItemProxy */;
		};
/* End PBXTargetDependency section */

/* Begin PBXVariantGroup section */
		5A7C8DD21C78338E000F7276 /* Main.storyboard */ = {
			isa = PBXVariantGroup;
			children = (
				5A7C8DD31C78338E000F7276 /* Base */,
			);
			name = Main.storyboard;
			sourceTree = "<group>";
		};
		5A7C8DD71C78338F000F7276 /* LaunchScreen.xib */ = {
			isa = PBXVariantGroup;
			children = (
				5A7C8DD81C78338F000F7276 /* Base */,
			);
			name = LaunchScreen.xib;
			sourceTree = "<group>";
		};
/* End PBXVariantGroup section */

/* Begin XCBuildConfiguration section */
		5A7C8DE61C78338F000F7276 /* Debug */ = {
			isa = XCBuildConfiguration;
			buildSettings = {
				ALWAYS_SEARCH_USER_PATHS = NO;
				CLANG_CXX_LANGUAGE_STANDARD = "gnu++0x";
				CLANG_CXX_LIBRARY = "libc++";
				CLANG_ENABLE_MODULES = YES;
				CLANG_ENABLE_OBJC_ARC = YES;
				CLANG_WARN_BOOL_CONVERSION = YES;
				CLANG_WARN_CONSTANT_CONVERSION = YES;
				CLANG_WARN_DIRECT_OBJC_ISA_USAGE = YES_ERROR;
				CLANG_WARN_EMPTY_BODY = YES;
				CLANG_WARN_ENUM_CONVERSION = YES;
				CLANG_WARN_INT_CONVERSION = YES;
				CLANG_WARN_OBJC_ROOT_CLASS = YES_ERROR;
				CLANG_WARN_UNREACHABLE_CODE = YES;
				CLANG_WARN__DUPLICATE_METHOD_MATCH = YES;
				"CODE_SIGN_IDENTITY[sdk=iphoneos*]" = "iPhone Developer";
				COPY_PHASE_STRIP = NO;
				DEBUG_INFORMATION_FORMAT = "dwarf-with-dsym";
				ENABLE_STRICT_OBJC_MSGSEND = YES;
				GCC_C_LANGUAGE_STANDARD = gnu99;
				GCC_DYNAMIC_NO_PIC = NO;
				GCC_NO_COMMON_BLOCKS = YES;
				GCC_OPTIMIZATION_LEVEL = 0;
				GCC_PREPROCESSOR_DEFINITIONS = (
					"DEBUG=1",
					"$(inherited)",
				);
				GCC_SYMBOLS_PRIVATE_EXTERN = NO;
				GCC_WARN_64_TO_32_BIT_CONVERSION = YES;
				GCC_WARN_ABOUT_RETURN_TYPE = YES_ERROR;
				GCC_WARN_UNDECLARED_SELECTOR = YES;
				GCC_WARN_UNINITIALIZED_AUTOS = YES_AGGRESSIVE;
				GCC_WARN_UNUSED_FUNCTION = YES;
				GCC_WARN_UNUSED_VARIABLE = YES;
				IPHONEOS_DEPLOYMENT_TARGET = 8.4;
				MTL_ENABLE_DEBUG_INFO = YES;
				ONLY_ACTIVE_ARCH = YES;
				SDKROOT = iphoneos;
				TARGETED_DEVICE_FAMILY = "1,2";
			};
			name = Debug;
		};
		5A7C8DE71C78338F000F7276 /* Release */ = {
			isa = XCBuildConfiguration;
			buildSettings = {
				ALWAYS_SEARCH_USER_PATHS = NO;
				CLANG_CXX_LANGUAGE_STANDARD = "gnu++0x";
				CLANG_CXX_LIBRARY = "libc++";
				CLANG_ENABLE_MODULES = YES;
				CLANG_ENABLE_OBJC_ARC = YES;
				CLANG_WARN_BOOL_CONVERSION = YES;
				CLANG_WARN_CONSTANT_CONVERSION = YES;
				CLANG_WARN_DIRECT_OBJC_ISA_USAGE = YES_ERROR;
				CLANG_WARN_EMPTY_BODY = YES;
				CLANG_WARN_ENUM_CONVERSION = YES;
				CLANG_WARN_INT_CONVERSION = YES;
				CLANG_WARN_OBJC_ROOT_CLASS = YES_ERROR;
				CLANG_WARN_UNREACHABLE_CODE = YES;
				CLANG_WARN__DUPLICATE_METHOD_MATCH = YES;
				"CODE_SIGN_IDENTITY[sdk=iphoneos*]" = "iPhone Developer";
				COPY_PHASE_STRIP = NO;
				DEBUG_INFORMATION_FORMAT = "dwarf-with-dsym";
				ENABLE_NS_ASSERTIONS = NO;
				ENABLE_STRICT_OBJC_MSGSEND = YES;
				GCC_C_LANGUAGE_STANDARD = gnu99;
				GCC_NO_COMMON_BLOCKS = YES;
				GCC_WARN_64_TO_32_BIT_CONVERSION = YES;
				GCC_WARN_ABOUT_RETURN_TYPE = YES_ERROR;
				GCC_WARN_UNDECLARED_SELECTOR = YES;
				GCC_WARN_UNINITIALIZED_AUTOS = YES_AGGRESSIVE;
				GCC_WARN_UNUSED_FUNCTION = YES;
				GCC_WARN_UNUSED_VARIABLE = YES;
				IPHONEOS_DEPLOYMENT_TARGET = 8.4;
				MTL_ENABLE_DEBUG_INFO = NO;
				SDKROOT = iphoneos;
				TARGETED_DEVICE_FAMILY = "1,2";
				VALIDATE_PRODUCT = YES;
			};
			name = Release;
		};
		5A7C8DE91C78338F000F7276 /* Debug */ = {
			isa = XCBuildConfiguration;
			buildSettings = {
				ASSETCATALOG_COMPILER_APPICON_NAME = AppIcon;
				INFOPLIST_FILE = selfScribe/Info.plist;
				LD_RUNPATH_SEARCH_PATHS = "$(inherited) @executable_path/Frameworks";
				PRODUCT_NAME = "$(TARGET_NAME)";
			};
			name = Debug;
		};
		5A7C8DEA1C78338F000F7276 /* Release */ = {
			isa = XCBuildConfiguration;
			buildSettings = {
				ASSETCATALOG_COMPILER_APPICON_NAME = AppIcon;
				INFOPLIST_FILE = selfScribe/Info.plist;
				LD_RUNPATH_SEARCH_PATHS = "$(inherited) @executable_path/Frameworks";
				PRODUCT_NAME = "$(TARGET_NAME)";
			};
			name = Release;
		};
		5A7C8DEC1C78338F000F7276 /* Debug */ = {
			isa = XCBuildConfiguration;
			buildSettings = {
				BUNDLE_LOADER = "$(TEST_HOST)";
				FRAMEWORK_SEARCH_PATHS = (
					"$(SDKROOT)/Developer/Library/Frameworks",
					"$(inherited)",
				);
				GCC_PREPROCESSOR_DEFINITIONS = (
					"DEBUG=1",
					"$(inherited)",
				);
				INFOPLIST_FILE = selfScribeTests/Info.plist;
				LD_RUNPATH_SEARCH_PATHS = "$(inherited) @executable_path/Frameworks @loader_path/Frameworks";
				PRODUCT_NAME = "$(TARGET_NAME)";
				TEST_HOST = "$(BUILT_PRODUCTS_DIR)/selfScribe.app/selfScribe";
			};
			name = Debug;
		};
		5A7C8DED1C78338F000F7276 /* Release */ = {
			isa = XCBuildConfiguration;
			buildSettings = {
				BUNDLE_LOADER = "$(TEST_HOST)";
				FRAMEWORK_SEARCH_PATHS = (
					"$(SDKROOT)/Developer/Library/Frameworks",
					"$(inherited)",
				);
				INFOPLIST_FILE = selfScribeTests/Info.plist;
				LD_RUNPATH_SEARCH_PATHS = "$(inherited) @executable_path/Frameworks @loader_path/Frameworks";
				PRODUCT_NAME = "$(TARGET_NAME)";
				TEST_HOST = "$(BUILT_PRODUCTS_DIR)/selfScribe.app/selfScribe";
			};
			name = Release;
		};
/* End XCBuildConfiguration section */

/* Begin XCConfigurationList section */
		5A7C8DC01C78338E000F7276 /* Build configuration list for PBXProject "selfScribe" */ = {
			isa = XCConfigurationList;
			buildConfigurations = (
				5A7C8DE61C78338F000F7276 /* Debug */,
				5A7C8DE71C78338F000F7276 /* Release */,
			);
			defaultConfigurationIsVisible = 0;
			defaultConfigurationName = Release;
		};
		5A7C8DE81C78338F000F7276 /* Build configuration list for PBXNativeTarget "selfScribe" */ = {
			isa = XCConfigurationList;
			buildConfigurations = (
				5A7C8DE91C78338F000F7276 /* Debug */,
				5A7C8DEA1C78338F000F7276 /* Release */,
			);
			defaultConfigurationIsVisible = 0;
			defaultConfigurationName = Release;
		};
		5A7C8DEB1C78338F000F7276 /* Build configuration list for PBXNativeTarget "selfScribeTests" */ = {
			isa = XCConfigurationList;
			buildConfigurations = (
				5A7C8DEC1C78338F000F7276 /* Debug */,
				5A7C8DED1C78338F000F7276 /* Release */,
			);
			defaultConfigurationIsVisible = 0;
			defaultConfigurationName = Release;
		};
/* End XCConfigurationList section */
	};
	rootObject = 5A7C8DBD1C78338E000F7276 /* Project object */;
}
